PODS:
  - Alamofire (4.8.2)
  - ApproveAPI (1.0.0):
    - Alamofire

DEPENDENCIES:
  - ApproveAPI (from `../`)

SPEC REPOS:
  https://github.com/cocoapods/specs.git:
    - Alamofire

EXTERNAL SOURCES:
  ApproveAPI:
    :path: "../"

SPEC CHECKSUMS:
  Alamofire: ae5c501addb7afdbb13687d7f2f722c78734c2d3
  ApproveAPI: d1c0d49b90e4a5950fd19c7e013f6c79e6491e41

PODFILE CHECKSUM: 7d00e41424efc0988cb8d3716fff8115b92fd52e

COCOAPODS: 1.6.1
